
Microsoft Visual Studio Solution File, Format Version 12.00
# Visual Studio Version 16
VisualStudioVersion = 16.0.29613.14
MinimumVisualStudioVersion = 10.0.40219.1
Project("{FAE04EC0-301F-11D3-BF4B-00C04F79EFBC}") = "mb905315_MIS4200", "mb905315_MIS4200.csproj", "{00712039-C7A1-406C-838C-A2A4D4269929}"
EndProject
Global
	GlobalSection(SolutionConfigurationPlatforms) = preSolution
		Debug|Any CPU = Debug|Any CPU
		Release|Any CPU = Release|Any CPU
	EndGlobalSection
	GlobalSection(ProjectConfigurationPlatforms) = postSolution
		{00712039-C7A1-406C-838C-A2A4D4269929}.Debug|Any CPU.ActiveCfg = Debug|Any CPU
		{00712039-C7A1-406C-838C-A2A4D4269929}.Debug|Any CPU.Build.0 = Debug|Any CPU
		{00712039-C7A1-406C-838C-A2A4D4269929}.Release|Any CPU.ActiveCfg = Release|Any CPU
		{00712039-C7A1-406C-838C-A2A4D4269929}.Release|Any CPU.Build.0 = Release|Any CPU
	EndGlobalSection
	GlobalSection(SolutionProperties) = preSolution
		HideSolutionNode = FALSE
	EndGlobalSection
	GlobalSection(ExtensibilityGlobals) = postSolution
		SolutionGuid = {C7DE2413-A2FD-45CC-B177-58E50E1622FA}
	EndGlobalSection
EndGlobal
